<?xml version="1.0" encoding="utf-8"?>
<Project ToolsVersion="4.0" xmlns="http://schemas.microsoft.com/developer/msbuild/2003">
  <ItemGroup>
    <Filter Include="Source Files">
      <UniqueIdentifier>{09347be2-8af9-456d-96ce-09cc426c7b63}</UniqueIdentifier>
      <Extensions>cpp;c;cxx;rc;def;r;odl;idl;hpj;bat;for;f90</Extensions>
    </Filter>
    <Filter Include="Header Files">
      <UniqueIdentifier>{c958faaa-e64c-45c3-95ab-2a6ad00bc778}</UniqueIdentifier>
      <Extensions>h;hpp;hxx;hm;inl;fi;fd</Extensions>
    </Filter>
    <Filter Include="Resource Files">
      <UniqueIdentifier>{b8e53822-cf89-42df-b3b9-a74ed57334cb}</UniqueIdentifier>
      <Extensions>ico;cur;bmp;dlg;rc2;rct;bin;cnt;rtf;gif;jpg;jpeg;jpe</Extensions>
    </Filter>
  </ItemGroup>
  <ItemGroup>
    <ClCompile Include="FlatCube.cpp">
      <Filter>Source Files</Filter>
    </ClCompile>
    <ClCompile Include="FlatCubeDoc.cpp">
      <Filter>Source Files</Filter>
    </ClCompile>
    <ClCompile Include="FlatCubeView.cpp">
      <Filter>Source Files</Filter>
    </ClCompile>
    <ClCompile Include="MainFrm.cpp">
      <Filter>Source Files</Filter>
    </ClCompile>
    <ClCompile Include="StdAfx.cpp">
      <Filter>Source Files</Filter>
    </ClCompile>
  </ItemGroup>
  <ItemGroup>
    <ResourceCompile Include="FlatCube.rc">
      <Filter>Source Files</Filter>
    </ResourceCompile>
  </ItemGroup>
  <ItemGroup>
    <Text Include="ReadMe.txt">
      <Filter>Source Files</Filter>
    </Text>
  </ItemGroup>
  <ItemGroup>
    <ClInclude Include="FlatCube.h">
      <Filter>Header Files</Filter>
    </ClInclude>
    <ClInclude Include="FlatCubeDoc.h">
      <Filter>Header Files</Filter>
    </ClInclude>
    <ClInclude Include="FlatCubeView.h">
      <Filter>Header Files</Filter>
    </ClInclude>
    <ClInclude Include="MainFrm.h">
      <Filter>Header Files</Filter>
    </ClInclude>
    <ClInclude Include="resource.h">
      <Filter>Header Files</Filter>
    </ClInclude>
    <ClInclude Include="StdAfx.h">
      <Filter>Header Files</Filter>
    </ClInclude>
  </ItemGroup>
  <ItemGroup>
    <Image Include="res\bitmap1.bmp">
      <Filter>Resource Files</Filter>
    </Image>
    <Image Include="res\bmp00001.bmp">
      <Filter>Resource Files</Filter>
    </Image>
    <Image Include="res\bmp00002.bmp">
      <Filter>Resource Files</Filter>
    </Image>
    <Image Include="res\bmp00003.bmp">
      <Filter>Resource Files</Filter>
    </Image>
    <Image Include="res\bmp00004.bmp">
      <Filter>Resource Files</Filter>
    </Image>
    <Image Include="res\bmp00005.bmp">
      <Filter>Resource Files</Filter>
    </Image>
    <Image Include="res\cup_1.bmp">
      <Filter>Resource Files</Filter>
    </Image>
    <Image Include="res\cup_down.bmp">
      <Filter>Resource Files</Filter>
    </Image>
    <Image Include="res\cup_focu.bmp">
      <Filter>Resource Files</Filter>
    </Image>
    <Image Include="res\cup_up1.bmp">
      <Filter>Resource Files</Filter>
    </Image>
    <Image Include="res\cup_up2.bmp">
      <Filter>Resource Files</Filter>
    </Image>
    <Image Include="res\cup_up3.bmp">
      <Filter>Resource Files</Filter>
    </Image>
    <Image Include="res\FlatCube.ico">
      <Filter>Resource Files</Filter>
    </Image>
    <Image Include="res\FlatCubeDoc.ico">
      <Filter>Resource Files</Filter>
    </Image>
    <Image Include="res\Toolbar.bmp">
      <Filter>Resource Files</Filter>
    </Image>
  </ItemGroup>
  <ItemGroup>
    <None Include="res\FlatCube.rc2">
      <Filter>Resource Files</Filter>
    </None>
  </ItemGroup>
</Project>